{
    "_readme": [
        "This file locks the dependencies of your project to a known state",
        "Read more about it at http://getcomposer.org/doc/01-basic-usage.md#composer-lock-the-lock-file",
        "This file is @generated automatically"
    ],
    "hash": "154e5885a5566590b29ab6e28ee143eb",
    "packages": [
        {
            "name": "betterbrief/silverstripe-googlemapfield",
            "version": "dev-master",
            "source": {
                "type": "git",
                "url": "https://github.com/BetterBrief/silverstripe-googlemapfield.git",
                "reference": "3ef42a58b7c74cdaafa2671424d9250859eb3072"
            },
            "dist": {
                "type": "zip",
                "url": "https://api.github.com/repos/BetterBrief/silverstripe-googlemapfield/zipball/3ef42a58b7c74cdaafa2671424d9250859eb3072",
                "reference": "3ef42a58b7c74cdaafa2671424d9250859eb3072",
                "shasum": ""
            },
            "require": {
                "composer/installers": "~1.0",
                "php": ">=5.3.0"
            },
            "type": "silverstripe-module",
            "extra": {
                "installer-name": "googlemapfield"
            },
            "notification-url": "https://packagist.org/downloads/",
            "license": [
                "BSD"
            ],
            "authors": [
                {
                    "name": "Will Morgan",
                    "homepage": "http://twitter.com/willmorgan",
                    "role": "Developer"
                }
            ],
            "description": "Save locations using latitude/longitude DataObject fields.",
            "homepage": "http://github.com/BetterBrief/googlemapfield",
            "keywords": [
                "geolocation",
                "google",
                "googlemapfield",
                "map",
                "maps",
                "silverstripe"
            ],
            "time": "2014-10-20 09:41:07"
        },
        {
            "name": "composer/installers",
            "version": "dev-master",
            "source": {
                "type": "git",
                "url": "https://github.com/composer/installers.git",
                "reference": "89d77bfbee79e16653f7162c86e602cc188471db"
            },
            "dist": {
                "type": "zip",
                "url": "https://api.github.com/repos/composer/installers/zipball/89d77bfbee79e16653f7162c86e602cc188471db",
                "reference": "89d77bfbee79e16653f7162c86e602cc188471db",
                "shasum": ""
            },
            "replace": {
                "roundcube/plugin-installer": "*",
                "shama/baton": "*"
            },
            "require-dev": {
                "composer/composer": "1.0.*@dev",
                "phpunit/phpunit": "4.1.*"
            },
            "type": "composer-installer",
            "extra": {
                "class": "Composer\\Installers\\Installer",
                "branch-alias": {
                    "dev-master": "1.0-dev"
                }
            },
            "autoload": {
                "psr-0": {
                    "Composer\\Installers\\": "src/"
                }
            },
            "notification-url": "https://packagist.org/downloads/",
            "license": [
                "MIT"
            ],
            "authors": [
                {
                    "name": "Kyle Robinson Young",
                    "email": "kyle@dontkry.com",
                    "homepage": "https://github.com/shama"
                }
            ],
            "description": "A multi-framework Composer library installer",
            "homepage": "http://composer.github.com/installers/",
            "keywords": [
                "Craft",
                "Dolibarr",
                "Hurad",
                "MODX Evo",
                "OXID",
                "Thelia",
                "WolfCMS",
                "agl",
                "annotatecms",
                "bitrix",
                "cakephp",
                "chef",
                "codeigniter",
                "concrete5",
                "croogo",
                "dokuwiki",
                "drupal",
                "elgg",
                "fuelphp",
                "grav",
                "installer",
                "joomla",
                "kohana",
                "laravel",
                "lithium",
                "magento",
                "mako",
                "mediawiki",
                "modulework",
                "moodle",
                "phpbb",
                "piwik",
                "ppi",
                "puppet",
                "roundcube",
                "shopware",
                "silverstripe",
                "symfony",
                "typo3",
                "wordpress",
                "zend",
                "zikula"
            ],
            "time": "2014-11-29 01:29:17"
        },
        {
            "name": "silverstripe-australia/gridfieldextensions",
            "version": "dev-master",
            "source": {
                "type": "git",
                "url": "https://github.com/silverstripe-australia/silverstripe-gridfieldextensions.git",
                "reference": "067608506752dbc0ff2542f08cc9e9184a5eb475"
            },
            "dist": {
                "type": "zip",
                "url": "https://api.github.com/repos/silverstripe-australia/silverstripe-gridfieldextensions/zipball/067608506752dbc0ff2542f08cc9e9184a5eb475",
                "reference": "067608506752dbc0ff2542f08cc9e9184a5eb475",
                "shasum": ""
            },
            "require": {
                "silverstripe/framework": "~3.1"
            },
            "replace": {
                "ajshort/silverstripe-gridfieldextensions": "self.version"
            },
            "type": "silverstripe-module",
            "extra": {
                "installer-name": "gridfieldextensions",
                "screenshots": [
                    "docs/en/_images/editable-rows.png",
                    "docs/en/_images/add-existing-search.png"
                ]
            },
            "notification-url": "https://packagist.org/downloads/",
            "license": [
                "BSD-3-Clause"
            ],
            "authors": [
                {
                    "name": "Andrew Short",
                    "email": "andrewjshort@gmail.com"
                }
            ],
            "description": "A collection of useful grid field components",
            "homepage": "http://github.com/ajshort/silverstripe-gridfieldextensions",
            "keywords": [
                "gridfield",
                "silverstripe"
            ],
            "time": "2014-11-27 13:04:43"
        },
        {
            "name": "silverstripe-themes/simple",
            "version": "dev-master",
            "source": {
                "type": "git",
                "url": "https://github.com/silverstripe-themes/silverstripe-simple.git",
                "reference": "63c549e82fb8d530bb88a370a8b7c3d8c61ddd74"
            },
            "dist": {
                "type": "zip",
                "url": "https://api.github.com/repos/silverstripe-themes/silverstripe-simple/zipball/63c549e82fb8d530bb88a370a8b7c3d8c61ddd74",
                "reference": "63c549e82fb8d530bb88a370a8b7c3d8c61ddd74",
                "shasum": ""
            },
            "require": {
                "composer/installers": "*",
                "silverstripe/framework": ">=3.0"
            },
            "type": "silverstripe-theme",
            "notification-url": "https://packagist.org/downloads/",
            "license": [
                "BSD-3-Clause"
            ],
            "authors": [
                {
                    "name": "Sara Tušar (Innovaif)",
                    "homepage": "http://www.saratusar.com"
                }
            ],
            "description": "The SilverStripe simple theme (default SilverStripe 3 theme)",
            "keywords": [
                "silverstripe",
                "theme"
            ],
            "time": "2014-07-30 04:30:14"
        },
        {
            "name": "silverstripe/cms",
            "version": "3.1.x-dev",
            "source": {
                "type": "git",
                "url": "https://github.com/silverstripe/silverstripe-cms.git",
                "reference": "708e70624c65e146abce2a88858d52b12653fa53"
            },
            "dist": {
                "type": "zip",
                "url": "https://api.github.com/repos/silverstripe/silverstripe-cms/zipball/708e70624c65e146abce2a88858d52b12653fa53",
                "reference": "708e70624c65e146abce2a88858d52b12653fa53",
                "shasum": ""
            },
            "require": {
                "composer/installers": "*",
                "php": ">=5.3.2",
                "silverstripe/framework": "3.1.*"
            },
            "type": "silverstripe-module",
            "autoload": {
                "classmap": [
                    "tests/behat/"
                ]
            },
            "notification-url": "https://packagist.org/downloads/",
            "license": [
                "BSD-3-Clause"
            ],
            "authors": [
                {
                    "name": "SilverStripe",
                    "homepage": "http://silverstripe.com"
                },
                {
                    "name": "The SilverStripe Community",
                    "homepage": "http://silverstripe.org"
                }
            ],
            "description": "The SilverStripe Content Management System",
            "homepage": "http://silverstripe.org",
            "keywords": [
                "cms",
                "silverstripe"
            ],
            "time": "2014-11-08 04:06:10"
        },
        {
            "name": "silverstripe/framework",
            "version": "3.1.x-dev",
            "source": {
                "type": "git",
                "url": "https://github.com/silverstripe/silverstripe-framework.git",
                "reference": "3b3478136d494c1d914fe76e3170da9c8c4843e2"
            },
            "dist": {
                "type": "zip",
                "url": "https://api.github.com/repos/silverstripe/silverstripe-framework/zipball/3b3478136d494c1d914fe76e3170da9c8c4843e2",
                "reference": "3b3478136d494c1d914fe76e3170da9c8c4843e2",
                "shasum": ""
            },
            "require": {
                "composer/installers": "*",
                "php": ">=5.3.2"
            },
            "require-dev": {
                "phpunit/phpunit": "~3.7@stable"
            },
            "type": "silverstripe-module",
            "autoload": {
                "classmap": [
                    "tests/behat/features/bootstrap"
                ]
            },
            "notification-url": "https://packagist.org/downloads/",
            "license": [
                "BSD-3-Clause"
            ],
            "authors": [
                {
                    "name": "SilverStripe",
                    "homepage": "http://silverstripe.com"
                },
                {
                    "name": "The SilverStripe Community",
                    "homepage": "http://silverstripe.org"
                }
            ],
            "description": "The SilverStripe framework",
            "homepage": "http://silverstripe.org",
            "keywords": [
                "framework",
                "silverstripe"
            ],
            "time": "2014-11-26 22:24:40"
        },
        {
            "name": "sktzoootech/instagramfeed",
            "version": "dev-master",
            "source": {
                "type": "git",
                "url": "https://github.com/sktzoootech/instagramfeed.git",
                "reference": "385b38e7c98f0f1dba5a6c033118b4e57122776b"
            },
            "dist": {
                "type": "zip",
                "url": "https://api.github.com/repos/sktzoootech/instagramfeed/zipball/385b38e7c98f0f1dba5a6c033118b4e57122776b",
                "reference": "385b38e7c98f0f1dba5a6c033118b4e57122776b",
                "shasum": ""
            },
            "require": {
                "silverstripe/framework": "~3.1"
            },
            "type": "silverstripe-module",
            "extra": {
                "installer-name": "instagramfeed"
            },
            "notification-url": "https://packagist.org/downloads/",
            "license": [
                "BSD-3-Clause"
            ],
            "authors": [
                {
                    "name": "Davis Dimalen",
                    "email": "davis.dimalen@gmail.com"
                }
            ],
            "description": "A module that shows instagram feed based on a hash tag",
            "homepage": "https://github.com/sktzoootech/instagramfeed",
            "keywords": [
                "instagram",
                "instagramfeed",
                "silverstripe"
            ],
            "time": "2014-10-15 13:30:57"
        },
        {
            "name": "titledk/silverstripe-calendar",
            "version": "dev-master",
            "source": {
                "type": "git",
                "url": "https://github.com/edlinklater/silverstripe-calendar.git",
                "reference": "c5533bbb3a0cffd556e6ac69324aafcb3d1c1adc"
            },
            "dist": {
                "type": "zip",
                "url": "https://api.github.com/repos/edlinklater/silverstripe-calendar/zipball/c5533bbb3a0cffd556e6ac69324aafcb3d1c1adc",
                "reference": "c5533bbb3a0cffd556e6ac69324aafcb3d1c1adc",
                "shasum": ""
            },
            "type": "silverstripe-module",
            "extra": {
                "installer-name": "calendar",
                "screenshots": [
                    "docs/img/preview.png",
                    "docs/img/screenshots/frontend-fullcalendar.png"
                ]
            },
            "license": [
                "MIT"
            ],
            "authors": [
                {
                    "name": "Anselm Christophersen",
                    "email": "ac@anselm.dk"
                },
                {
                    "name": "Colin Burns",
                    "email": "ccburns@gmail.com"
                }
            ],
            "description": "Highly flexible calendar system for SilverStripe",
            "homepage": "https://github.com/titledk/silverstripe-calendar",
            "keywords": [
                "calendar",
                "events",
                "silverstripe"
            ],
            "support": {
                "source": "https://github.com/edlinklater/silverstripe-calendar/tree/master"
            },
            "time": "2014-11-29 22:19:22"
        }
    ],
    "packages-dev": [],
    "aliases": [],
    "minimum-stability": "dev",
    "stability-flags": [],
    "prefer-stable": false,
    "platform": {
        "php": ">=5.3.2"
    },
    "platform-dev": []
}
